
Microsoft Visual Studio Solution File, Format Version 12.00
# Visual Studio 15
VisualStudioVersion = 15.0.27004.2009
MinimumVisualStudioVersion = 10.0.40219.1
Project("{FAE04EC0-301F-11D3-BF4B-00C04F79EFBC}") = "GetShowdownUserNameFromSmogonUser", "GetShowdownUserNameFromSmogonUser\GetShowdownUserNameFromSmogonUser.csproj", "{9B3E48FF-DA0D-4706-A30A-1CB985ECF9AD}"
EndProject
Global
	GlobalSection(SolutionConfigurationPlatforms) = preSolution
		Debug|Any CPU = Debug|Any CPU
		Release|Any CPU = Release|Any CPU
	EndGlobalSection
	GlobalSection(ProjectConfigurationPlatforms) = postSolution
		{9B3E48FF-DA0D-4706-A30A-1CB985ECF9AD}.Debug|Any CPU.ActiveCfg = Debug|Any CPU
		{9B3E48FF-DA0D-4706-A30A-1CB985ECF9AD}.Debug|Any CPU.Build.0 = Debug|Any CPU
		{9B3E48FF-DA0D-4706-A30A-1CB985ECF9AD}.Release|Any CPU.ActiveCfg = Release|Any CPU
		{9B3E48FF-DA0D-4706-A30A-1CB985ECF9AD}.Release|Any CPU.Build.0 = Release|Any CPU
	EndGlobalSection
	GlobalSection(SolutionProperties) = preSolution
		HideSolutionNode = FALSE
	EndGlobalSection
	GlobalSection(ExtensibilityGlobals) = postSolution
		SolutionGuid = {ADE48193-8017-489E-A814-6732856B0C47}
	EndGlobalSection
EndGlobal
